[root]
name = "rustmvc"
version = "0.0.1"
dependencies = [
 "nickel 0.1.0 (git+https://github.com/nickel-org/nickel.rs.git)",
 "postgres 0.0.0 (git+https://github.com/sfackler/rust-postgres.git)",
 "r2d2_postgres 0.0.0 (git+https://github.com/sfackler/r2d2-postgres.git)",
 "time 0.0.2 (git+https://github.com/rust-lang/time.git)",
]

[[package]]
name = "anymap"
version = "0.9.0"
source = "git+https://github.com/nickel-org/anymap.git#c29e78c5634f9e6741287e9cfb281a73d4eddcc6"

[[package]]
name = "encoding"
version = "0.2.1"
source = "git+https://github.com/lifthrasiir/rust-encoding#6a5a95950572590485cbbf64509036b252339205"
dependencies = [
 "encoding-index-japanese 1.0.20140915 (git+https://github.com/lifthrasiir/rust-encoding)",
 "encoding-index-korean 1.0.20140915 (git+https://github.com/lifthrasiir/rust-encoding)",
 "encoding-index-simpchinese 1.0.20140915 (git+https://github.com/lifthrasiir/rust-encoding)",
 "encoding-index-singlebyte 1.0.20140915 (git+https://github.com/lifthrasiir/rust-encoding)",
 "encoding-index-tradchinese 1.0.20140915 (git+https://github.com/lifthrasiir/rust-encoding)",
]

[[package]]
name = "encoding-index-japanese"
version = "1.0.20140915"
source = "git+https://github.com/lifthrasiir/rust-encoding#6a5a95950572590485cbbf64509036b252339205"
dependencies = [
 "encoding_index_tests 0.1.0 (git+https://github.com/lifthrasiir/rust-encoding)",
]

[[package]]
name = "encoding-index-korean"
version = "1.0.20140915"
source = "git+https://github.com/lifthrasiir/rust-encoding#6a5a95950572590485cbbf64509036b252339205"
dependencies = [
 "encoding_index_tests 0.1.0 (git+https://github.com/lifthrasiir/rust-encoding)",
]

[[package]]
name = "encoding-index-simpchinese"
version = "1.0.20140915"
source = "git+https://github.com/lifthrasiir/rust-encoding#6a5a95950572590485cbbf64509036b252339205"
dependencies = [
 "encoding_index_tests 0.1.0 (git+https://github.com/lifthrasiir/rust-encoding)",
]

[[package]]
name = "encoding-index-singlebyte"
version = "1.0.20140915"
source = "git+https://github.com/lifthrasiir/rust-encoding#6a5a95950572590485cbbf64509036b252339205"
dependencies = [
 "encoding_index_tests 0.1.0 (git+https://github.com/lifthrasiir/rust-encoding)",
]

[[package]]
name = "encoding-index-tradchinese"
version = "1.0.20140915"
source = "git+https://github.com/lifthrasiir/rust-encoding#6a5a95950572590485cbbf64509036b252339205"
dependencies = [
 "encoding_index_tests 0.1.0 (git+https://github.com/lifthrasiir/rust-encoding)",
]

[[package]]
name = "encoding_index_tests"
version = "0.1.0"
source = "git+https://github.com/lifthrasiir/rust-encoding#6a5a95950572590485cbbf64509036b252339205"

[[package]]
name = "gcc"
version = "0.0.1"
source = "git+https://github.com/alexcrichton/gcc-rs#f25b3ba9c40303781189cc137fb98fffe5b56de7"

[[package]]
name = "groupable"
version = "0.1.0"
source = "git+https://github.com/nickel-org/groupable-rs#74c9e38ede02008fc04c47a33c4ba9b995dc3606"

[[package]]
name = "http"
version = "0.1.0-pre"
source = "git+https://github.com/nickel-org/rust-http.git#5b4786ca9b74434d91aab0e4fde8ed1a3aec77bd"
dependencies = [
 "openssl 0.0.1 (git+https://github.com/sfackler/rust-openssl)",
 "time 0.0.2 (git+https://github.com/rust-lang/time.git)",
 "url 0.1.0 (git+https://github.com/nickel-org/rust-url.git)",
]

[[package]]
name = "libressl-pnacl-sys"
version = "2.0.0"
source = "git+https://github.com/DiamondLovesYou/libressl-pnacl-sys.git#24b6800971587e8881215d9398b180c0a79739dc"
dependencies = [
 "pnacl-build-helper 0.0.1 (git+https://github.com/DiamondLovesYou/cargo-pnacl-helper.git)",
]

[[package]]
name = "nickel"
version = "0.1.0"
source = "git+https://github.com/nickel-org/nickel.rs.git#18d8f04bb7095ef202fba7ca3b9c3c7b3157554c"
dependencies = [
 "anymap 0.9.0 (git+https://github.com/nickel-org/anymap.git)",
 "groupable 0.1.0 (git+https://github.com/nickel-org/groupable-rs)",
 "http 0.1.0-pre (git+https://github.com/nickel-org/rust-http.git)",
 "nickel_macros 0.0.1 (git+https://github.com/nickel-org/nickel.rs.git)",
 "rust-mustache 0.3.0 (git+https://github.com/nickel-org/rust-mustache.git)",
 "time 0.0.2 (git+https://github.com/rust-lang/time.git)",
 "url 0.1.0 (git+https://github.com/nickel-org/rust-url.git)",
]

[[package]]
name = "nickel_macros"
version = "0.0.1"
source = "git+https://github.com/nickel-org/nickel.rs.git#18d8f04bb7095ef202fba7ca3b9c3c7b3157554c"

[[package]]
name = "openssl"
version = "0.0.1"
source = "git+https://github.com/sfackler/rust-openssl#3e98880fe8cdeaccd3c08e423bc6ce7a211bae0a"
dependencies = [
 "libressl-pnacl-sys 2.0.0 (git+https://github.com/DiamondLovesYou/libressl-pnacl-sys.git)",
 "openssl-sys 0.0.1 (git+https://github.com/sfackler/rust-openssl)",
]

[[package]]
name = "openssl-sys"
version = "0.0.1"
source = "git+https://github.com/sfackler/rust-openssl#3e98880fe8cdeaccd3c08e423bc6ce7a211bae0a"
dependencies = [
 "pkg-config 0.0.1 (git+https://github.com/alexcrichton/pkg-config-rs)",
]

[[package]]
name = "phf"
version = "0.0.0"
source = "git+https://github.com/sfackler/rust-phf#aa3e2d0aedea4d55c2e4cea1bdf6e89418dc1206"
dependencies = [
 "xxhash 0.0.1 (git+https://github.com/Jurily/rust-xxhash)",
]

[[package]]
name = "phf_mac"
version = "0.0.0"
source = "git+https://github.com/sfackler/rust-phf#aa3e2d0aedea4d55c2e4cea1bdf6e89418dc1206"
dependencies = [
 "time 0.0.2 (git+https://github.com/rust-lang/time.git)",
 "xxhash 0.0.1 (git+https://github.com/Jurily/rust-xxhash)",
]

[[package]]
name = "pkg-config"
version = "0.0.1"
source = "git+https://github.com/alexcrichton/pkg-config-rs#d24a08d87d63df8dc9526c503944415b86719220"

[[package]]
name = "pnacl-build-helper"
version = "0.0.1"
source = "git+https://github.com/DiamondLovesYou/cargo-pnacl-helper.git#5402d48d242d11bdd61f801655fca364155c4511"

[[package]]
name = "postgres"
version = "0.0.0"
source = "git+https://github.com/sfackler/rust-postgres.git#3a0f1897277d0e1f5568e733854649f1e7fd018d"
dependencies = [
 "openssl 0.0.1 (git+https://github.com/sfackler/rust-openssl)",
 "phf 0.0.0 (git+https://github.com/sfackler/rust-phf)",
 "phf_mac 0.0.0 (git+https://github.com/sfackler/rust-phf)",
 "time 0.0.2 (git+https://github.com/rust-lang/time.git)",
 "uuid 0.0.2 (git+https://github.com/rust-lang/uuid)",
]

[[package]]
name = "r2d2"
version = "0.0.0"
source = "git+https://github.com/sfackler/r2d2#8337055e2a5a2db9151ab62ea6d2e7e401d1c0d5"

[[package]]
name = "r2d2_postgres"
version = "0.0.0"
source = "git+https://github.com/sfackler/r2d2-postgres.git#b624982db9068932f39b3a618ade1ea3dcc7d5ca"
dependencies = [
 "postgres 0.0.0 (git+https://github.com/sfackler/rust-postgres.git)",
 "r2d2 0.0.0 (git+https://github.com/sfackler/r2d2)",
]

[[package]]
name = "rust-mustache"
version = "0.3.0"
source = "git+https://github.com/nickel-org/rust-mustache.git#6f98a76ba46068f04c14b942a182e29eea24350e"

[[package]]
name = "time"
version = "0.0.2"
source = "git+https://github.com/rust-lang/time.git#b58210c93a44d7b83a1a9b68b462f5a7fa1942f3"
dependencies = [
 "gcc 0.0.1 (git+https://github.com/alexcrichton/gcc-rs)",
]

[[package]]
name = "url"
version = "0.1.0"
source = "git+https://github.com/nickel-org/rust-url.git#f5fdbe5741ff75d87ef05b468097432c012c3e6e"
dependencies = [
 "encoding 0.2.1 (git+https://github.com/lifthrasiir/rust-encoding)",
]

[[package]]
name = "uuid"
version = "0.0.2"
source = "git+https://github.com/rust-lang/uuid#410aa2f519a66431214282c1d74d9f95316fb0ff"

[[package]]
name = "xxhash"
version = "0.0.1"
source = "git+https://github.com/Jurily/rust-xxhash#6027ce91f9164f2f936149547f789103b1b671e6"

